// !$*UTF8*$!
{
	archiveVersion = 1;
	classes = {
	};
	objectVersion = 46;
	objects = {

/* Begin PBXBuildFile section */
		07153B99200172CB008F92BC /* AppDelegate.swift in Sources */ = {isa = PBXBuildFile; fileRef = 07153B98200172CB008F92BC /* AppDelegate.swift */; };
		07153B9E200172CB008F92BC /* Main.storyboard in Resources */ = {isa = PBXBuildFile; fileRef = 07153B9C200172CB008F92BC /* Main.storyboard */; };
		07153BA0200172CB008F92BC /* Assets.xcassets in Resources */ = {isa = PBXBuildFile; fileRef = 07153B9F200172CB008F92BC /* Assets.xcassets */; };
		07153BA3200172CB008F92BC /* LaunchScreen.storyboard in Resources */ = {isa = PBXBuildFile; fileRef = 07153BA1200172CB008F92BC /* LaunchScreen.storyboard */; };
		07153BAC20017636008F92BC /* libsqlite3.tbd in Frameworks */ = {isa = PBXBuildFile; fileRef = 07153BAB20017636008F92BC /* libsqlite3.tbd */; };
		07153BAE20017652008F92BC /* libz.tbd in Frameworks */ = {isa = PBXBuildFile; fileRef = 07153BAD20017652008F92BC /* libz.tbd */; };
		07153BB020017668008F92BC /* AudioToolbox.framework in Frameworks */ = {isa = PBXBuildFile; fileRef = 07153BAF20017668008F92BC /* AudioToolbox.framework */; };
		07153BB22001767A008F92BC /* CFNetwork.framework in Frameworks */ = {isa = PBXBuildFile; fileRef = 07153BB12001767A008F92BC /* CFNetwork.framework */; };
		07153BB420017690008F92BC /* CoreGraphics.framework in Frameworks */ = {isa = PBXBuildFile; fileRef = 07153BB320017690008F92BC /* CoreGraphics.framework */; };
		07153BB620017804008F92BC /* CoreLocation.framework in Frameworks */ = {isa = PBXBuildFile; fileRef = 07153BB520017804008F92BC /* CoreLocation.framework */; };
		07153BB820017823008F92BC /* QuartzCore.framework in Frameworks */ = {isa = PBXBuildFile; fileRef = 07153BB720017823008F92BC /* QuartzCore.framework */; };
		07153BBA20017833008F92BC /* Security.framework in Frameworks */ = {isa = PBXBuildFile; fileRef = 07153BB920017833008F92BC /* Security.framework */; };
		07153BBC20017846008F92BC /* StoreKit.framework in Frameworks */ = {isa = PBXBuildFile; fileRef = 07153BBB20017846008F92BC /* StoreKit.framework */; };
		07153BBE20017859008F92BC /* SystemConfiguration.framework in Frameworks */ = {isa = PBXBuildFile; fileRef = 07153BBD20017859008F92BC /* SystemConfiguration.framework */; };
		071C9F622001BA090020F32D /* Bolts.framework in Frameworks */ = {isa = PBXBuildFile; fileRef = 071C9F612001BA090020F32D /* Bolts.framework */; };
		071C9F642001C2360020F32D /* Parse.framework in Frameworks */ = {isa = PBXBuildFile; fileRef = 071C9F632001C2360020F32D /* Parse.framework */; };
		071C9F662001C6F50020F32D /* Constants.swift in Sources */ = {isa = PBXBuildFile; fileRef = 071C9F652001C6F50020F32D /* Constants.swift */; };
		07AE31A32002F74100FCFE10 /* SignInViewController.swift in Sources */ = {isa = PBXBuildFile; fileRef = 07AE31A22002F74100FCFE10 /* SignInViewController.swift */; };
		07AE31A52002F75C00FCFE10 /* SignUpViewController.swift in Sources */ = {isa = PBXBuildFile; fileRef = 07AE31A42002F75C00FCFE10 /* SignUpViewController.swift */; };
		07AE31A72002F79E00FCFE10 /* ResetPasswordViewController.swift in Sources */ = {isa = PBXBuildFile; fileRef = 07AE31A62002F79E00FCFE10 /* ResetPasswordViewController.swift */; };
		07AE31A92003092700FCFE10 /* person-placeholder.jpg in Resources */ = {isa = PBXBuildFile; fileRef = 07AE31A82003092700FCFE10 /* person-placeholder.jpg */; };
/* End PBXBuildFile section */

/* Begin PBXFileReference section */
		07153B95200172CB008F92BC /* Spacetagram.app */ = {isa = PBXFileReference; explicitFileType = wrapper.application; includeInIndex = 0; path = Spacetagram.app; sourceTree = BUILT_PRODUCTS_DIR; };
		07153B98200172CB008F92BC /* AppDelegate.swift */ = {isa = PBXFileReference; lastKnownFileType = sourcecode.swift; path = AppDelegate.swift; sourceTree = "<group>"; };
		07153B9D200172CB008F92BC /* Base */ = {isa = PBXFileReference; lastKnownFileType = file.storyboard; name = Base; path = Base.lproj/Main.storyboard; sourceTree = "<group>"; };
		07153B9F200172CB008F92BC /* Assets.xcassets */ = {isa = PBXFileReference; lastKnownFileType = folder.assetcatalog; path = Assets.xcassets; sourceTree = "<group>"; };
		07153BA2200172CB008F92BC /* Base */ = {isa = PBXFileReference; lastKnownFileType = file.storyboard; name = Base; path = Base.lproj/LaunchScreen.storyboard; sourceTree = "<group>"; };
		07153BA4200172CB008F92BC /* Info.plist */ = {isa = PBXFileReference; lastKnownFileType = text.plist.xml; path = Info.plist; sourceTree = "<group>"; };
		07153BAB20017636008F92BC /* libsqlite3.tbd */ = {isa = PBXFileReference; lastKnownFileType = "sourcecode.text-based-dylib-definition"; name = libsqlite3.tbd; path = usr/lib/libsqlite3.tbd; sourceTree = SDKROOT; };
		07153BAD20017652008F92BC /* libz.tbd */ = {isa = PBXFileReference; lastKnownFileType = "sourcecode.text-based-dylib-definition"; name = libz.tbd; path = usr/lib/libz.tbd; sourceTree = SDKROOT; };
		07153BAF20017668008F92BC /* AudioToolbox.framework */ = {isa = PBXFileReference; lastKnownFileType = wrapper.framework; name = AudioToolbox.framework; path = System/Library/Frameworks/AudioToolbox.framework; sourceTree = SDKROOT; };
		07153BB12001767A008F92BC /* CFNetwork.framework */ = {isa = PBXFileReference; lastKnownFileType = wrapper.framework; name = CFNetwork.framework; path = System/Library/Frameworks/CFNetwork.framework; sourceTree = SDKROOT; };
		07153BB320017690008F92BC /* CoreGraphics.framework */ = {isa = PBXFileReference; lastKnownFileType = wrapper.framework; name = CoreGraphics.framework; path = System/Library/Frameworks/CoreGraphics.framework; sourceTree = SDKROOT; };
		07153BB520017804008F92BC /* CoreLocation.framework */ = {isa = PBXFileReference; lastKnownFileType = wrapper.framework; name = CoreLocation.framework; path = System/Library/Frameworks/CoreLocation.framework; sourceTree = SDKROOT; };
		07153BB720017823008F92BC /* QuartzCore.framework */ = {isa = PBXFileReference; lastKnownFileType = wrapper.framework; name = QuartzCore.framework; path = System/Library/Frameworks/QuartzCore.framework; sourceTree = SDKROOT; };
		07153BB920017833008F92BC /* Security.framework */ = {isa = PBXFileReference; lastKnownFileType = wrapper.framework; name = Security.framework; path = System/Library/Frameworks/Security.framework; sourceTree = SDKROOT; };
		07153BBB20017846008F92BC /* StoreKit.framework */ = {isa = PBXFileReference; lastKnownFileType = wrapper.framework; name = StoreKit.framework; path = System/Library/Frameworks/StoreKit.framework; sourceTree = SDKROOT; };
		07153BBD20017859008F92BC /* SystemConfiguration.framework */ = {isa = PBXFileReference; lastKnownFileType = wrapper.framework; name = SystemConfiguration.framework; path = System/Library/Frameworks/SystemConfiguration.framework; sourceTree = SDKROOT; };
		071C9F612001BA090020F32D /* Bolts.framework */ = {isa = PBXFileReference; lastKnownFileType = wrapper.framework; path = Bolts.framework; sourceTree = "<group>"; };
		071C9F632001C2360020F32D /* Parse.framework */ = {isa = PBXFileReference; lastKnownFileType = wrapper.framework; name = Parse.framework; path = Bolts.framework/Headers/Parse.framework; sourceTree = "<group>"; };
		071C9F652001C6F50020F32D /* Constants.swift */ = {isa = PBXFileReference; fileEncoding = 4; lastKnownFileType = sourcecode.swift; path = Constants.swift; sourceTree = "<group>"; };
		07AE31A22002F74100FCFE10 /* SignInViewController.swift */ = {isa = PBXFileReference; fileEncoding = 4; lastKnownFileType = sourcecode.swift; name = SignInViewController.swift; path = ../SignInViewController.swift; sourceTree = "<group>"; };
		07AE31A42002F75C00FCFE10 /* SignUpViewController.swift */ = {isa = PBXFileReference; fileEncoding = 4; lastKnownFileType = sourcecode.swift; path = SignUpViewController.swift; sourceTree = "<group>"; };
		07AE31A62002F79E00FCFE10 /* ResetPasswordViewController.swift */ = {isa = PBXFileReference; fileEncoding = 4; lastKnownFileType = sourcecode.swift; path = ResetPasswordViewController.swift; sourceTree = "<group>"; };
		07AE31A82003092700FCFE10 /* person-placeholder.jpg */ = {isa = PBXFileReference; lastKnownFileType = image.jpeg; path = "person-placeholder.jpg"; sourceTree = "<group>"; };
/* End PBXFileReference section */

/* Begin PBXFrameworksBuildPhase section */
		07153B92200172CB008F92BC /* Frameworks */ = {
			isa = PBXFrameworksBuildPhase;
			buildActionMask = 2147483647;
			files = (
				07153BBE20017859008F92BC /* SystemConfiguration.framework in Frameworks */,
				07153BBC20017846008F92BC /* StoreKit.framework in Frameworks */,
				07153BBA20017833008F92BC /* Security.framework in Frameworks */,
				07153BB820017823008F92BC /* QuartzCore.framework in Frameworks */,
				07153BB620017804008F92BC /* CoreLocation.framework in Frameworks */,
				07153BB420017690008F92BC /* CoreGraphics.framework in Frameworks */,
				07153BB22001767A008F92BC /* CFNetwork.framework in Frameworks */,
				07153BB020017668008F92BC /* AudioToolbox.framework in Frameworks */,
				071C9F622001BA090020F32D /* Bolts.framework in Frameworks */,
				07153BAE20017652008F92BC /* libz.tbd in Frameworks */,
				071C9F642001C2360020F32D /* Parse.framework in Frameworks */,
				07153BAC20017636008F92BC /* libsqlite3.tbd in Frameworks */,
			);
			runOnlyForDeploymentPostprocessing = 0;
		};
/* End PBXFrameworksBuildPhase section */

/* Begin PBXGroup section */
		07153B8C200172CB008F92BC = {
			isa = PBXGroup;
			children = (
				07153B97200172CB008F92BC /* Spacetagram */,
				07153B96200172CB008F92BC /* Products */,
				07153BAA20017636008F92BC /* Frameworks */,
			);
			sourceTree = "<group>";
		};
		07153B96200172CB008F92BC /* Products */ = {
			isa = PBXGroup;
			children = (
				07153B95200172CB008F92BC /* Spacetagram.app */,
			);
			name = Products;
			sourceTree = "<group>";
		};
		07153B97200172CB008F92BC /* Spacetagram */ = {
			isa = PBXGroup;
			children = (
				07AE31A42002F75C00FCFE10 /* SignUpViewController.swift */,
				07AE31A62002F79E00FCFE10 /* ResetPasswordViewController.swift */,
				07AE31A22002F74100FCFE10 /* SignInViewController.swift */,
				07153B98200172CB008F92BC /* AppDelegate.swift */,
				071C9F652001C6F50020F32D /* Constants.swift */,
				07153B9C200172CB008F92BC /* Main.storyboard */,
				07153B9F200172CB008F92BC /* Assets.xcassets */,
				07AE31A82003092700FCFE10 /* person-placeholder.jpg */,
				07153BA1200172CB008F92BC /* LaunchScreen.storyboard */,
				07153BA4200172CB008F92BC /* Info.plist */,
			);
			path = Spacetagram;
			sourceTree = "<group>";
		};
		07153BAA20017636008F92BC /* Frameworks */ = {
			isa = PBXGroup;
			children = (
				071C9F632001C2360020F32D /* Parse.framework */,
				071C9F612001BA090020F32D /* Bolts.framework */,
				07153BBD20017859008F92BC /* SystemConfiguration.framework */,
				07153BBB20017846008F92BC /* StoreKit.framework */,
				07153BB920017833008F92BC /* Security.framework */,
				07153BB720017823008F92BC /* QuartzCore.framework */,
				07153BB520017804008F92BC /* CoreLocation.framework */,
				07153BB320017690008F92BC /* CoreGraphics.framework */,
				07153BB12001767A008F92BC /* CFNetwork.framework */,
				07153BAF20017668008F92BC /* AudioToolbox.framework */,
				07153BAD20017652008F92BC /* libz.tbd */,
				07153BAB20017636008F92BC /* libsqlite3.tbd */,
			);
			name = Frameworks;
			sourceTree = "<group>";
		};
/* End PBXGroup section */

/* Begin PBXNativeTarget section */
		07153B94200172CB008F92BC /* Spacetagram */ = {
			isa = PBXNativeTarget;
			buildConfigurationList = 07153BA7200172CB008F92BC /* Build configuration list for PBXNativeTarget "Spacetagram" */;
			buildPhases = (
				07153B91200172CB008F92BC /* Sources */,
				07153B92200172CB008F92BC /* Frameworks */,
				07153B93200172CB008F92BC /* Resources */,
			);
			buildRules = (
			);
			dependencies = (
			);
			name = Spacetagram;
			productName = Spacetagram;
			productReference = 07153B95200172CB008F92BC /* Spacetagram.app */;
			productType = "com.apple.product-type.application";
		};
/* End PBXNativeTarget section */

/* Begin PBXProject section */
		07153B8D200172CB008F92BC /* Project object */ = {
			isa = PBXProject;
			attributes = {
				LastSwiftUpdateCheck = 0810;
				LastUpgradeCheck = 0810;
				ORGANIZATIONNAME = Erica;
				TargetAttributes = {
					07153B94200172CB008F92BC = {
						CreatedOnToolsVersion = 8.1;
						DevelopmentTeam = T3746P4E48;
						ProvisioningStyle = Automatic;
					};
				};
			};
			buildConfigurationList = 07153B90200172CB008F92BC /* Build configuration list for PBXProject "Spacetagram" */;
			compatibilityVersion = "Xcode 3.2";
			developmentRegion = English;
			hasScannedForEncodings = 0;
			knownRegions = (
				en,
				Base,
			);
			mainGroup = 07153B8C200172CB008F92BC;
			productRefGroup = 07153B96200172CB008F92BC /* Products */;
			projectDirPath = "";
			projectRoot = "";
			targets = (
				07153B94200172CB008F92BC /* Spacetagram */,
			);
		};
/* End PBXProject section */

/* Begin PBXResourcesBuildPhase section */
		07153B93200172CB008F92BC /* Resources */ = {
			isa = PBXResourcesBuildPhase;
			buildActionMask = 2147483647;
			files = (
				07AE31A92003092700FCFE10 /* person-placeholder.jpg in Resources */,
				07153BA3200172CB008F92BC /* LaunchScreen.storyboard in Resources */,
				07153BA0200172CB008F92BC /* Assets.xcassets in Resources */,
				07153B9E200172CB008F92BC /* Main.storyboard in Resources */,
			);
			runOnlyForDeploymentPostprocessing = 0;
		};
/* End PBXResourcesBuildPhase section */

/* Begin PBXSourcesBuildPhase section */
		07153B91200172CB008F92BC /* Sources */ = {
			isa = PBXSourcesBuildPhase;
			buildActionMask = 2147483647;
			files = (
				07153B99200172CB008F92BC /* AppDelegate.swift in Sources */,
				071C9F662001C6F50020F32D /* Constants.swift in Sources */,
				07AE31A72002F79E00FCFE10 /* ResetPasswordViewController.swift in Sources */,
				07AE31A52002F75C00FCFE10 /* SignUpViewController.swift in Sources */,
				07AE31A32002F74100FCFE10 /* SignInViewController.swift in Sources */,
			);
			runOnlyForDeploymentPostprocessing = 0;
		};
/* End PBXSourcesBuildPhase section */

/* Begin PBXVariantGroup section */
		07153B9C200172CB008F92BC /* Main.storyboard */ = {
			isa = PBXVariantGroup;
			children = (
				07153B9D200172CB008F92BC /* Base */,
			);
			name = Main.storyboard;
			sourceTree = "<group>";
		};
		07153BA1200172CB008F92BC /* LaunchScreen.storyboard */ = {
			isa = PBXVariantGroup;
			children = (
				07153BA2200172CB008F92BC /* Base */,
			);
			name = LaunchScreen.storyboard;
			sourceTree = "<group>";
		};
/* End PBXVariantGroup section */

/* Begin XCBuildConfiguration section */
		07153BA5200172CB008F92BC /* Debug */ = {
			isa = XCBuildConfiguration;
			buildSettings = {
				ALWAYS_SEARCH_USER_PATHS = NO;
				CLANG_ANALYZER_NONNULL = YES;
				CLANG_CXX_LANGUAGE_STANDARD = "gnu++0x";
				CLANG_CXX_LIBRARY = "libc++";
				CLANG_ENABLE_MODULES = YES;
				CLANG_ENABLE_OBJC_ARC = YES;
				CLANG_WARN_BOOL_CONVERSION = YES;
				CLANG_WARN_CONSTANT_CONVERSION = YES;
				CLANG_WARN_DIRECT_OBJC_ISA_USAGE = YES_ERROR;
				CLANG_WARN_DOCUMENTATION_COMMENTS = YES;
				CLANG_WARN_EMPTY_BODY = YES;
				CLANG_WARN_ENUM_CONVERSION = YES;
				CLANG_WARN_INFINITE_RECURSION = YES;
				CLANG_WARN_INT_CONVERSION = YES;
				CLANG_WARN_OBJC_ROOT_CLASS = YES_ERROR;
				CLANG_WARN_SUSPICIOUS_MOVES = YES;
				CLANG_WARN_UNREACHABLE_CODE = YES;
				CLANG_WARN__DUPLICATE_METHOD_MATCH = YES;
				"CODE_SIGN_IDENTITY[sdk=iphoneos*]" = "iPhone Developer";
				COPY_PHASE_STRIP = NO;
				DEBUG_INFORMATION_FORMAT = dwarf;
				ENABLE_STRICT_OBJC_MSGSEND = YES;
				ENABLE_TESTABILITY = YES;
				GCC_C_LANGUAGE_STANDARD = gnu99;
				GCC_DYNAMIC_NO_PIC = NO;
				GCC_NO_COMMON_BLOCKS = YES;
				GCC_OPTIMIZATION_LEVEL = 0;
				GCC_PREPROCESSOR_DEFINITIONS = (
					"DEBUG=1",
					"$(inherited)",
				);
				GCC_WARN_64_TO_32_BIT_CONVERSION = YES;
				GCC_WARN_ABOUT_RETURN_TYPE = YES_ERROR;
				GCC_WARN_UNDECLARED_SELECTOR = YES;
				GCC_WARN_UNINITIALIZED_AUTOS = YES_AGGRESSIVE;
				GCC_WARN_UNUSED_FUNCTION = YES;
				GCC_WARN_UNUSED_VARIABLE = YES;
				IPHONEOS_DEPLOYMENT_TARGET = 10.1;
				MTL_ENABLE_DEBUG_INFO = YES;
				ONLY_ACTIVE_ARCH = YES;
				SDKROOT = iphoneos;
				SWIFT_ACTIVE_COMPILATION_CONDITIONS = DEBUG;
				SWIFT_OPTIMIZATION_LEVEL = "-Onone";
			};
			name = Debug;
		};
		07153BA6200172CB008F92BC /* Release */ = {
			isa = XCBuildConfiguration;
			buildSettings = {
				ALWAYS_SEARCH_USER_PATHS = NO;
				CLANG_ANALYZER_NONNULL = YES;
				CLANG_CXX_LANGUAGE_STANDARD = "gnu++0x";
				CLANG_CXX_LIBRARY = "libc++";
				CLANG_ENABLE_MODULES = YES;
				CLANG_ENABLE_OBJC_ARC = YES;
				CLANG_WARN_BOOL_CONVERSION = YES;
				CLANG_WARN_CONSTANT_CONVERSION = YES;
				CLANG_WARN_DIRECT_OBJC_ISA_USAGE = YES_ERROR;
				CLANG_WARN_DOCUMENTATION_COMMENTS = YES;
				CLANG_WARN_EMPTY_BODY = YES;
				CLANG_WARN_ENUM_CONVERSION = YES;
				CLANG_WARN_INFINITE_RECURSION = YES;
				CLANG_WARN_INT_CONVERSION = YES;
				CLANG_WARN_OBJC_ROOT_CLASS = YES_ERROR;
				CLANG_WARN_SUSPICIOUS_MOVES = YES;
				CLANG_WARN_UNREACHABLE_CODE = YES;
				CLANG_WARN__DUPLICATE_METHOD_MATCH = YES;
				"CODE_SIGN_IDENTITY[sdk=iphoneos*]" = "iPhone Developer";
				COPY_PHASE_STRIP = NO;
				DEBUG_INFORMATION_FORMAT = "dwarf-with-dsym";
				ENABLE_NS_ASSERTIONS = NO;
				ENABLE_STRICT_OBJC_MSGSEND = YES;
				GCC_C_LANGUAGE_STANDARD = gnu99;
				GCC_NO_COMMON_BLOCKS = YES;
				GCC_WARN_64_TO_32_BIT_CONVERSION = YES;
				GCC_WARN_ABOUT_RETURN_TYPE = YES_ERROR;
				GCC_WARN_UNDECLARED_SELECTOR = YES;
				GCC_WARN_UNINITIALIZED_AUTOS = YES_AGGRESSIVE;
				GCC_WARN_UNUSED_FUNCTION = YES;
				GCC_WARN_UNUSED_VARIABLE = YES;
				IPHONEOS_DEPLOYMENT_TARGET = 10.1;
				MTL_ENABLE_DEBUG_INFO = NO;
				SDKROOT = iphoneos;
				SWIFT_OPTIMIZATION_LEVEL = "-Owholemodule";
				VALIDATE_PRODUCT = YES;
			};
			name = Release;
		};
		07153BA8200172CB008F92BC /* Debug */ = {
			isa = XCBuildConfiguration;
			buildSettings = {
				ASSETCATALOG_COMPILER_APPICON_NAME = AppIcon;
				DEVELOPMENT_TEAM = T3746P4E48;
				FRAMEWORK_SEARCH_PATHS = (
					"$(inherited)",
					"$(PROJECT_DIR)",
					"$(PROJECT_DIR)/Bolts.framework/Headers",
				);
				INFOPLIST_FILE = Spacetagram/Info.plist;
				LD_RUNPATH_SEARCH_PATHS = "$(inherited) @executable_path/Frameworks";
				PRODUCT_BUNDLE_IDENTIFIER = com.ericag.Spacetagram;
				PRODUCT_NAME = "$(TARGET_NAME)";
				SWIFT_VERSION = 3.0;
			};
			name = Debug;
		};
		07153BA9200172CB008F92BC /* Release */ = {
			isa = XCBuildConfiguration;
			buildSettings = {
				ASSETCATALOG_COMPILER_APPICON_NAME = AppIcon;
				DEVELOPMENT_TEAM = T3746P4E48;
				FRAMEWORK_SEARCH_PATHS = (
					"$(inherited)",
					"$(PROJECT_DIR)",
					"$(PROJECT_DIR)/Bolts.framework/Headers",
				);
				INFOPLIST_FILE = Spacetagram/Info.plist;
				LD_RUNPATH_SEARCH_PATHS = "$(inherited) @executable_path/Frameworks";
				PRODUCT_BUNDLE_IDENTIFIER = com.ericag.Spacetagram;
				PRODUCT_NAME = "$(TARGET_NAME)";
				SWIFT_VERSION = 3.0;
			};
			name = Release;
		};
/* End XCBuildConfiguration section */

/* Begin XCConfigurationList section */
		07153B90200172CB008F92BC /* Build configuration list for PBXProject "Spacetagram" */ = {
			isa = XCConfigurationList;
			buildConfigurations = (
				07153BA5200172CB008F92BC /* Debug */,
				07153BA6200172CB008F92BC /* Release */,
			);
			defaultConfigurationIsVisible = 0;
			defaultConfigurationName = Release;
		};
		07153BA7200172CB008F92BC /* Build configuration list for PBXNativeTarget "Spacetagram" */ = {
			isa = XCConfigurationList;
			buildConfigurations = (
				07153BA8200172CB008F92BC /* Debug */,
				07153BA9200172CB008F92BC /* Release */,
			);
			defaultConfigurationIsVisible = 0;
			defaultConfigurationName = Release;
		};
/* End XCConfigurationList section */
	};
	rootObject = 07153B8D200172CB008F92BC /* Project object */;
}
